lockfileVersion: '9.0'

settings:
  autoInstallPeers: true
  excludeLinksFromLockfile: false

importers:

  .:
    devDependencies:
      pnpm:
        specifier: ^9.15.4
        version: 9.15.5

packages:

  pnpm@9.15.5:
    resolution: {integrity: sha512-hFGWAmqrHMPwmKBHS2TfurKv56G06R3YaJXY5Koyp6bQMEni0K13C75N4COnEi+2jBodbg0DPHB2CF+dXUgA1A==}
    engines: {node: '>=18.12'}
    hasBin: true

snapshots:

  pnpm@9.15.5: {}
